
Microsoft Visual Studio Solution File, Format Version 12.00
# Visual Studio Version 17
VisualStudioVersion = 17.11.35222.181
MinimumVisualStudioVersion = 10.0.40219.1
Project("{9A19103F-16F7-4668-BE54-9A1E7A4F7556}") = "WTF.TestTool", "WTF.TestTool.csproj", "{003B5A97-5395-4486-B6A6-7718695C594F}"
	ProjectSection(ProjectDependencies) = postProject
		{FCCE4115-DC02-4A66-9BA4-76E612CBF760} = {FCCE4115-DC02-4A66-9BA4-76E612CBF760}
	EndProjectSection
EndProject
Project("{9A19103F-16F7-4668-BE54-9A1E7A4F7556}") = "WTF.Plugins", ".\WTF.Plugins\WTF.Plugins.csproj", "{FCCE4115-DC02-4A66-9BA4-76E612CBF760}"
EndProject
Global
	GlobalSection(SolutionConfigurationPlatforms) = preSolution
		Debug|Any CPU = Debug|Any CPU
		Debug|x64 = Debug|x64
		Release|Any CPU = Release|Any CPU
		Release|x64 = Release|x64
	EndGlobalSection
	GlobalSection(ProjectConfigurationPlatforms) = postSolution
		{003B5A97-5395-4486-B6A6-7718695C594F}.Debug|Any CPU.ActiveCfg = Debug|Any CPU
		{003B5A97-5395-4486-B6A6-7718695C594F}.Debug|Any CPU.Build.0 = Debug|Any CPU
		{003B5A97-5395-4486-B6A6-7718695C594F}.Debug|x64.ActiveCfg = Debug|x64
		{003B5A97-5395-4486-B6A6-7718695C594F}.Debug|x64.Build.0 = Debug|x64
		{003B5A97-5395-4486-B6A6-7718695C594F}.Release|Any CPU.ActiveCfg = Release|Any CPU
		{003B5A97-5395-4486-B6A6-7718695C594F}.Release|Any CPU.Build.0 = Release|Any CPU
		{003B5A97-5395-4486-B6A6-7718695C594F}.Release|x64.ActiveCfg = Release|x64
		{003B5A97-5395-4486-B6A6-7718695C594F}.Release|x64.Build.0 = Release|x64
		{FCCE4115-DC02-4A66-9BA4-76E612CBF760}.Debug|Any CPU.ActiveCfg = Debug|Any CPU
		{FCCE4115-DC02-4A66-9BA4-76E612CBF760}.Debug|Any CPU.Build.0 = Debug|Any CPU
		{FCCE4115-DC02-4A66-9BA4-76E612CBF760}.Debug|x64.ActiveCfg = Debug|Any CPU
		{FCCE4115-DC02-4A66-9BA4-76E612CBF760}.Debug|x64.Build.0 = Debug|Any CPU
		{FCCE4115-DC02-4A66-9BA4-76E612CBF760}.Release|Any CPU.ActiveCfg = Release|Any CPU
		{FCCE4115-DC02-4A66-9BA4-76E612CBF760}.Release|Any CPU.Build.0 = Release|Any CPU
		{FCCE4115-DC02-4A66-9BA4-76E612CBF760}.Release|x64.ActiveCfg = Release|Any CPU
		{FCCE4115-DC02-4A66-9BA4-76E612CBF760}.Release|x64.Build.0 = Release|Any CPU
	EndGlobalSection
	GlobalSection(SolutionProperties) = preSolution
		HideSolutionNode = FALSE
	EndGlobalSection
	GlobalSection(ExtensibilityGlobals) = postSolution
		SolutionGuid = {CE192601-4D1E-4D0F-92B0-A45E73E419E1}
	EndGlobalSection
EndGlobal
